// !$*UTF8*$!
{
	archiveVersion = 1;
	classes = {
	};
	objectVersion = 46;
	objects = {

/* Begin PBXBuildFile section */
		845B56451B8AA31D00143057 /* AppDelegate.swift in Sources */ = {isa = PBXBuildFile; fileRef = 845B56441B8AA31D00143057 /* AppDelegate.swift */; };
		845B56471B8AA31D00143057 /* ViewController.swift in Sources */ = {isa = PBXBuildFile; fileRef = 845B56461B8AA31D00143057 /* ViewController.swift */; };
		845B564A1B8AA31D00143057 /* Main.storyboard in Resources */ = {isa = PBXBuildFile; fileRef = 845B56481B8AA31D00143057 /* Main.storyboard */; };
		845B564C1B8AA31D00143057 /* Images.xcassets in Resources */ = {isa = PBXBuildFile; fileRef = 845B564B1B8AA31D00143057 /* Images.xcassets */; };
		845B564F1B8AA31D00143057 /* LaunchScreen.xib in Resources */ = {isa = PBXBuildFile; fileRef = 845B564D1B8AA31D00143057 /* LaunchScreen.xib */; };
		845B565B1B8AA31D00143057 /* Pitch_PerfectTests.swift in Sources */ = {isa = PBXBuildFile; fileRef = 845B565A1B8AA31D00143057 /* Pitch_PerfectTests.swift */; };
/* End PBXBuildFile section */

/* Begin PBXContainerItemProxy section */
		845B56551B8AA31D00143057 /* PBXContainerItemProxy */ = {
			isa = PBXContainerItemProxy;
			containerPortal = 845B56371B8AA31D00143057 /* Project object */;
			proxyType = 1;
			remoteGlobalIDString = 845B563E1B8AA31D00143057;
			remoteInfo = "Pitch Perfect";
		};
/* End PBXContainerItemProxy section */

/* Begin PBXFileReference section */
		845B563F1B8AA31D00143057 /* Pitch Perfect.app */ = {isa = PBXFileReference; explicitFileType = wrapper.application; includeInIndex = 0; path = "Pitch Perfect.app"; sourceTree = BUILT_PRODUCTS_DIR; };
		845B56431B8AA31D00143057 /* Info.plist */ = {isa = PBXFileReference; lastKnownFileType = text.plist.xml; path = Info.plist; sourceTree = "<group>"; };
		845B56441B8AA31D00143057 /* AppDelegate.swift */ = {isa = PBXFileReference; lastKnownFileType = sourcecode.swift; path = AppDelegate.swift; sourceTree = "<group>"; };
		845B56461B8AA31D00143057 /* ViewController.swift */ = {isa = PBXFileReference; lastKnownFileType = sourcecode.swift; path = ViewController.swift; sourceTree = "<group>"; };
		845B56491B8AA31D00143057 /* Base */ = {isa = PBXFileReference; lastKnownFileType = file.storyboard; name = Base; path = Base.lproj/Main.storyboard; sourceTree = "<group>"; };
		845B564B1B8AA31D00143057 /* Images.xcassets */ = {isa = PBXFileReference; lastKnownFileType = folder.assetcatalog; path = Images.xcassets; sourceTree = "<group>"; };
		845B564E1B8AA31D00143057 /* Base */ = {isa = PBXFileReference; lastKnownFileType = file.xib; name = Base; path = Base.lproj/LaunchScreen.xib; sourceTree = "<group>"; };
		845B56541B8AA31D00143057 /* Pitch PerfectTests.xctest */ = {isa = PBXFileReference; explicitFileType = wrapper.cfbundle; includeInIndex = 0; path = "Pitch PerfectTests.xctest"; sourceTree = BUILT_PRODUCTS_DIR; };
		845B56591B8AA31D00143057 /* Info.plist */ = {isa = PBXFileReference; lastKnownFileType = text.plist.xml; path = Info.plist; sourceTree = "<group>"; };
		845B565A1B8AA31D00143057 /* Pitch_PerfectTests.swift */ = {isa = PBXFileReference; lastKnownFileType = sourcecode.swift; path = Pitch_PerfectTests.swift; sourceTree = "<group>"; };
/* End PBXFileReference section */

/* Begin PBXFrameworksBuildPhase section */
		845B563C1B8AA31D00143057 /* Frameworks */ = {
			isa = PBXFrameworksBuildPhase;
			buildActionMask = 2147483647;
			files = (
			);
			runOnlyForDeploymentPostprocessing = 0;
		};
		845B56511B8AA31D00143057 /* Frameworks */ = {
			isa = PBXFrameworksBuildPhase;
			buildActionMask = 2147483647;
			files = (
			);
			runOnlyForDeploymentPostprocessing = 0;
		};
/* End PBXFrameworksBuildPhase section */

/* Begin PBXGroup section */
		845B56361B8AA31D00143057 = {
			isa = PBXGroup;
			children = (
				845B56411B8AA31D00143057 /* Pitch Perfect */,
				845B56571B8AA31D00143057 /* Pitch PerfectTests */,
				845B56401B8AA31D00143057 /* Products */,
			);
			sourceTree = "<group>";
		};
		845B56401B8AA31D00143057 /* Products */ = {
			isa = PBXGroup;
			children = (
				845B563F1B8AA31D00143057 /* Pitch Perfect.app */,
				845B56541B8AA31D00143057 /* Pitch PerfectTests.xctest */,
			);
			name = Products;
			sourceTree = "<group>";
		};
		845B56411B8AA31D00143057 /* Pitch Perfect */ = {
			isa = PBXGroup;
			children = (
				845B56441B8AA31D00143057 /* AppDelegate.swift */,
				845B56461B8AA31D00143057 /* ViewController.swift */,
				845B56481B8AA31D00143057 /* Main.storyboard */,
				845B564B1B8AA31D00143057 /* Images.xcassets */,
				845B564D1B8AA31D00143057 /* LaunchScreen.xib */,
				845B56421B8AA31D00143057 /* Supporting Files */,
			);
			path = "Pitch Perfect";
			sourceTree = "<group>";
		};
		845B56421B8AA31D00143057 /* Supporting Files */ = {
			isa = PBXGroup;
			children = (
				845B56431B8AA31D00143057 /* Info.plist */,
			);
			name = "Supporting Files";
			sourceTree = "<group>";
		};
		845B56571B8AA31D00143057 /* Pitch PerfectTests */ = {
			isa = PBXGroup;
			children = (
				845B565A1B8AA31D00143057 /* Pitch_PerfectTests.swift */,
				845B56581B8AA31D00143057 /* Supporting Files */,
			);
			path = "Pitch PerfectTests";
			sourceTree = "<group>";
		};
		845B56581B8AA31D00143057 /* Supporting Files */ = {
			isa = PBXGroup;
			children = (
				845B56591B8AA31D00143057 /* Info.plist */,
			);
			name = "Supporting Files";
			sourceTree = "<group>";
		};
/* End PBXGroup section */

/* Begin PBXNativeTarget section */
		845B563E1B8AA31D00143057 /* Pitch Perfect */ = {
			isa = PBXNativeTarget;
			buildConfigurationList = 845B565E1B8AA31D00143057 /* Build configuration list for PBXNativeTarget "Pitch Perfect" */;
			buildPhases = (
				845B563B1B8AA31D00143057 /* Sources */,
				845B563C1B8AA31D00143057 /* Frameworks */,
				845B563D1B8AA31D00143057 /* Resources */,
			);
			buildRules = (
			);
			dependencies = (
			);
			name = "Pitch Perfect";
			productName = "Pitch Perfect";
			productReference = 845B563F1B8AA31D00143057 /* Pitch Perfect.app */;
			productType = "com.apple.product-type.application";
		};
		845B56531B8AA31D00143057 /* Pitch PerfectTests */ = {
			isa = PBXNativeTarget;
			buildConfigurationList = 845B56611B8AA31D00143057 /* Build configuration list for PBXNativeTarget "Pitch PerfectTests" */;
			buildPhases = (
				845B56501B8AA31D00143057 /* Sources */,
				845B56511B8AA31D00143057 /* Frameworks */,
				845B56521B8AA31D00143057 /* Resources */,
			);
			buildRules = (
			);
			dependencies = (
				845B56561B8AA31D00143057 /* PBXTargetDependency */,
			);
			name = "Pitch PerfectTests";
			productName = "Pitch PerfectTests";
			productReference = 845B56541B8AA31D00143057 /* Pitch PerfectTests.xctest */;
			productType = "com.apple.product-type.bundle.unit-test";
		};
/* End PBXNativeTarget section */

/* Begin PBXProject section */
		845B56371B8AA31D00143057 /* Project object */ = {
			isa = PBXProject;
			attributes = {
				LastUpgradeCheck = 0640;
				ORGANIZATIONNAME = admin;
				TargetAttributes = {
					845B563E1B8AA31D00143057 = {
						CreatedOnToolsVersion = 6.4;
					};
					845B56531B8AA31D00143057 = {
						CreatedOnToolsVersion = 6.4;
						TestTargetID = 845B563E1B8AA31D00143057;
					};
				};
			};
			buildConfigurationList = 845B563A1B8AA31D00143057 /* Build configuration list for PBXProject "Pitch Perfect" */;
			compatibilityVersion = "Xcode 3.2";
			developmentRegion = English;
			hasScannedForEncodings = 0;
			knownRegions = (
				en,
				Base,
			);
			mainGroup = 845B56361B8AA31D00143057;
			productRefGroup = 845B56401B8AA31D00143057 /* Products */;
			projectDirPath = "";
			projectRoot = "";
			targets = (
				845B563E1B8AA31D00143057 /* Pitch Perfect */,
				845B56531B8AA31D00143057 /* Pitch PerfectTests */,
			);
		};
/* End PBXProject section */

/* Begin PBXResourcesBuildPhase section */
		845B563D1B8AA31D00143057 /* Resources */ = {
			isa = PBXResourcesBuildPhase;
			buildActionMask = 2147483647;
			files = (
				845B564A1B8AA31D00143057 /* Main.storyboard in Resources */,
				845B564F1B8AA31D00143057 /* LaunchScreen.xib in Resources */,
				845B564C1B8AA31D00143057 /* Images.xcassets in Resources */,
			);
			runOnlyForDeploymentPostprocessing = 0;
		};
		845B56521B8AA31D00143057 /* Resources */ = {
			isa = PBXResourcesBuildPhase;
			buildActionMask = 2147483647;
			files = (
			);
			runOnlyForDeploymentPostprocessing = 0;
		};
/* End PBXResourcesBuildPhase section */

/* Begin PBXSourcesBuildPhase section */
		845B563B1B8AA31D00143057 /* Sources */ = {
			isa = PBXSourcesBuildPhase;
			buildActionMask = 2147483647;
			files = (
				845B56471B8AA31D00143057 /* ViewController.swift in Sources */,
				845B56451B8AA31D00143057 /* AppDelegate.swift in Sources */,
			);
			runOnlyForDeploymentPostprocessing = 0;
		};
		845B56501B8AA31D00143057 /* Sources */ = {
			isa = PBXSourcesBuildPhase;
			buildActionMask = 2147483647;
			files = (
				845B565B1B8AA31D00143057 /* Pitch_PerfectTests.swift in Sources */,
			);
			runOnlyForDeploymentPostprocessing = 0;
		};
/* End PBXSourcesBuildPhase section */

/* Begin PBXTargetDependency section */
		845B56561B8AA31D00143057 /* PBXTargetDependency */ = {
			isa = PBXTargetDependency;
			target = 845B563E1B8AA31D00143057 /* Pitch Perfect */;
			targetProxy = 845B56551B8AA31D00143057 /* PBXContainerItemProxy */;
		};
/* End PBXTargetDependency section */

/* Begin PBXVariantGroup section */
		845B56481B8AA31D00143057 /* Main.storyboard */ = {
			isa = PBXVariantGroup;
			children = (
				845B56491B8AA31D00143057 /* Base */,
			);
			name = Main.storyboard;
			sourceTree = "<group>";
		};
		845B564D1B8AA31D00143057 /* LaunchScreen.xib */ = {
			isa = PBXVariantGroup;
			children = (
				845B564E1B8AA31D00143057 /* Base */,
			);
			name = LaunchScreen.xib;
			sourceTree = "<group>";
		};
/* End PBXVariantGroup section */

/* Begin XCBuildConfiguration section */
		845B565C1B8AA31D00143057 /* Debug */ = {
			isa = XCBuildConfiguration;
			buildSettings = {
				ALWAYS_SEARCH_USER_PATHS = NO;
				CLANG_CXX_LANGUAGE_STANDARD = "gnu++0x";
				CLANG_CXX_LIBRARY = "libc++";
				CLANG_ENABLE_MODULES = YES;
				CLANG_ENABLE_OBJC_ARC = YES;
				CLANG_WARN_BOOL_CONVERSION = YES;
				CLANG_WARN_CONSTANT_CONVERSION = YES;
				CLANG_WARN_DIRECT_OBJC_ISA_USAGE = YES_ERROR;
				CLANG_WARN_EMPTY_BODY = YES;
				CLANG_WARN_ENUM_CONVERSION = YES;
				CLANG_WARN_INT_CONVERSION = YES;
				CLANG_WARN_OBJC_ROOT_CLASS = YES_ERROR;
				CLANG_WARN_UNREACHABLE_CODE = YES;
				CLANG_WARN__DUPLICATE_METHOD_MATCH = YES;
				"CODE_SIGN_IDENTITY[sdk=iphoneos*]" = "iPhone Developer";
				COPY_PHASE_STRIP = NO;
				DEBUG_INFORMATION_FORMAT = "dwarf-with-dsym";
				ENABLE_STRICT_OBJC_MSGSEND = YES;
				GCC_C_LANGUAGE_STANDARD = gnu99;
				GCC_DYNAMIC_NO_PIC = NO;
				GCC_NO_COMMON_BLOCKS = YES;
				GCC_OPTIMIZATION_LEVEL = 0;
				GCC_PREPROCESSOR_DEFINITIONS = (
					"DEBUG=1",
					"$(inherited)",
				);
				GCC_SYMBOLS_PRIVATE_EXTERN = NO;
				GCC_WARN_64_TO_32_BIT_CONVERSION = YES;
				GCC_WARN_ABOUT_RETURN_TYPE = YES_ERROR;
				GCC_WARN_UNDECLARED_SELECTOR = YES;
				GCC_WARN_UNINITIALIZED_AUTOS = YES_AGGRESSIVE;
				GCC_WARN_UNUSED_FUNCTION = YES;
				GCC_WARN_UNUSED_VARIABLE = YES;
				IPHONEOS_DEPLOYMENT_TARGET = 8.4;
				MTL_ENABLE_DEBUG_INFO = YES;
				ONLY_ACTIVE_ARCH = YES;
				SDKROOT = iphoneos;
				SWIFT_OPTIMIZATION_LEVEL = "-Onone";
			};
			name = Debug;
		};
		845B565D1B8AA31D00143057 /* Release */ = {
			isa = XCBuildConfiguration;
			buildSettings = {
				ALWAYS_SEARCH_USER_PATHS = NO;
				CLANG_CXX_LANGUAGE_STANDARD = "gnu++0x";
				CLANG_CXX_LIBRARY = "libc++";
				CLANG_ENABLE_MODULES = YES;
				CLANG_ENABLE_OBJC_ARC = YES;
				CLANG_WARN_BOOL_CONVERSION = YES;
				CLANG_WARN_CONSTANT_CONVERSION = YES;
				CLANG_WARN_DIRECT_OBJC_ISA_USAGE = YES_ERROR;
				CLANG_WARN_EMPTY_BODY = YES;
				CLANG_WARN_ENUM_CONVERSION = YES;
				CLANG_WARN_INT_CONVERSION = YES;
				CLANG_WARN_OBJC_ROOT_CLASS = YES_ERROR;
				CLANG_WARN_UNREACHABLE_CODE = YES;
				CLANG_WARN__DUPLICATE_METHOD_MATCH = YES;
				"CODE_SIGN_IDENTITY[sdk=iphoneos*]" = "iPhone Developer";
				COPY_PHASE_STRIP = NO;
				DEBUG_INFORMATION_FORMAT = "dwarf-with-dsym";
				ENABLE_NS_ASSERTIONS = NO;
				ENABLE_STRICT_OBJC_MSGSEND = YES;
				GCC_C_LANGUAGE_STANDARD = gnu99;
				GCC_NO_COMMON_BLOCKS = YES;
				GCC_WARN_64_TO_32_BIT_CONVERSION = YES;
				GCC_WARN_ABOUT_RETURN_TYPE = YES_ERROR;
				GCC_WARN_UNDECLARED_SELECTOR = YES;
				GCC_WARN_UNINITIALIZED_AUTOS = YES_AGGRESSIVE;
				GCC_WARN_UNUSED_FUNCTION = YES;
				GCC_WARN_UNUSED_VARIABLE = YES;
				IPHONEOS_DEPLOYMENT_TARGET = 8.4;
				MTL_ENABLE_DEBUG_INFO = NO;
				SDKROOT = iphoneos;
				VALIDATE_PRODUCT = YES;
			};
			name = Release;
		};
		845B565F1B8AA31D00143057 /* Debug */ = {
			isa = XCBuildConfiguration;
			buildSettings = {
				ASSETCATALOG_COMPILER_APPICON_NAME = AppIcon;
				INFOPLIST_FILE = "Pitch Perfect/Info.plist";
				LD_RUNPATH_SEARCH_PATHS = "$(inherited) @executable_path/Frameworks";
				PRODUCT_NAME = "$(TARGET_NAME)";
			};
			name = Debug;
		};
		845B56601B8AA31D00143057 /* Release */ = {
			isa = XCBuildConfiguration;
			buildSettings = {
				ASSETCATALOG_COMPILER_APPICON_NAME = AppIcon;
				INFOPLIST_FILE = "Pitch Perfect/Info.plist";
				LD_RUNPATH_SEARCH_PATHS = "$(inherited) @executable_path/Frameworks";
				PRODUCT_NAME = "$(TARGET_NAME)";
			};
			name = Release;
		};
		845B56621B8AA31D00143057 /* Debug */ = {
			isa = XCBuildConfiguration;
			buildSettings = {
				BUNDLE_LOADER = "$(TEST_HOST)";
				FRAMEWORK_SEARCH_PATHS = (
					"$(SDKROOT)/Developer/Library/Frameworks",
					"$(inherited)",
				);
				GCC_PREPROCESSOR_DEFINITIONS = (
					"DEBUG=1",
					"$(inherited)",
				);
				INFOPLIST_FILE = "Pitch PerfectTests/Info.plist";
				LD_RUNPATH_SEARCH_PATHS = "$(inherited) @executable_path/Frameworks @loader_path/Frameworks";
				PRODUCT_NAME = "$(TARGET_NAME)";
				TEST_HOST = "$(BUILT_PRODUCTS_DIR)/Pitch Perfect.app/Pitch Perfect";
			};
			name = Debug;
		};
		845B56631B8AA31D00143057 /* Release */ = {
			isa = XCBuildConfiguration;
			buildSettings = {
				BUNDLE_LOADER = "$(TEST_HOST)";
				FRAMEWORK_SEARCH_PATHS = (
					"$(SDKROOT)/Developer/Library/Frameworks",
					"$(inherited)",
				);
				INFOPLIST_FILE = "Pitch PerfectTests/Info.plist";
				LD_RUNPATH_SEARCH_PATHS = "$(inherited) @executable_path/Frameworks @loader_path/Frameworks";
				PRODUCT_NAME = "$(TARGET_NAME)";
				TEST_HOST = "$(BUILT_PRODUCTS_DIR)/Pitch Perfect.app/Pitch Perfect";
			};
			name = Release;
		};
/* End XCBuildConfiguration section */

/* Begin XCConfigurationList section */
		845B563A1B8AA31D00143057 /* Build configuration list for PBXProject "Pitch Perfect" */ = {
			isa = XCConfigurationList;
			buildConfigurations = (
				845B565C1B8AA31D00143057 /* Debug */,
				845B565D1B8AA31D00143057 /* Release */,
			);
			defaultConfigurationIsVisible = 0;
			defaultConfigurationName = Release;
		};
		845B565E1B8AA31D00143057 /* Build configuration list for PBXNativeTarget "Pitch Perfect" */ = {
			isa = XCConfigurationList;
			buildConfigurations = (
				845B565F1B8AA31D00143057 /* Debug */,
				845B56601B8AA31D00143057 /* Release */,
			);
			defaultConfigurationIsVisible = 0;
		};
		845B56611B8AA31D00143057 /* Build configuration list for PBXNativeTarget "Pitch PerfectTests" */ = {
			isa = XCConfigurationList;
			buildConfigurations = (
				845B56621B8AA31D00143057 /* Debug */,
				845B56631B8AA31D00143057 /* Release */,
			);
			defaultConfigurationIsVisible = 0;
		};
/* End XCConfigurationList section */
	};
	rootObject = 845B56371B8AA31D00143057 /* Project object */;
}
